github.com/mgilbir/formalis v0.3.1 h1:NyYe/EcRYJ2jUjgaZG98lNXgJ7H+jgy6mq7HXOnQxl8=
github.com/mgilbir/formalis v0.3.1/go.mod h1:M82rAk4SewJbe1B3bhgQKw0w7ojFOHus7Nm1roqZYEk=
github.com/mgilbir/forme v0.10.0 h1:EkGrIgTBnDgSJc4LcbfZyZXeRW5egYKBuXvGZUNHTKA=
github.com/mgilbir/forme v0.10.0/go.mod h1:VWH98Gvv6a4tUBmhvB0efHmpPEAHrO49EJpu4UGwfw0=
github.com/mgilbir/goecma262 v0.2.0 h1:Ycgd4Gt6mjxAtNd5H1+K5kRm3bcq4uMM+vqZz2Fh3X4=
github.com/mgilbir/goecma262 v0.2.0/go.mod h1:wQvOAFchLrhVSiF4JsSzH+yE6eLpc8gOBrvpuahNucI=
github.com/mgilbir/golittlecms v0.0.0-20260727161601-f6af7cfe1556 h1:2ZUsOgMhxpHCYC8jyzeEnJZFLYGbXhqjAJWJBvY8q4U=
github.com/mgilbir/golittlecms v0.0.0-20260727161601-f6af7cfe1556/go.mod h1:8SmvcTVpsTeqGaLqnhlCphGYaBeoeedJQB6AsKNNQxo=
github.com/mgilbir/gopenjpeg v0.1.1 h1:zf0iHWEkex7TsOtQKPy6t19qNJzf7ykxK7r5Sgl/V2A=
github.com/mgilbir/gopenjpeg v0.1.1/go.mod h1:J72BFvnlK6fgFlVEtFycG+kbNYLX04tjzVI6eVmDAho=
github.com/mgilbir/pdf0 v0.5.0 h1:djuIA5eJgdjTIsw5NO2fV3RlL/APv0AcO+EAy58ftNc=
github.com/mgilbir/pdf0 v0.5.0/go.mod h1:V9Vo9fwQZFFgq63wDtON6m8b0c9nGdqbpEqX5oTtoUs=
golang.org/x/image v0.47.0 h1:za/8gVz++PPZqmZJBNSISICN5Rrj5zixP/8K++fgmqo=
golang.org/x/image v0.47.0/go.mod h1:IkN5o4A7vq55vXN8FWjjnhg9Rs2GOtffqsSi9mWAKYE=
golang.org/x/sys v0.49.0 h1:XbzkgYJHdqh/8m2Uu0W/dQv8nktxx4BFHp1M0gROTXA=
golang.org/x/sys v0.49.0/go.mod h1:hNLxWAXmnKAxqDtdwIYC4bM9oQPEecfsnNMuSxOs3og=
golang.org/x/text v0.43.0 h1:1QivrlhwAsnMOcqgOdl9my7s9OyZl8O5/UGUTJVXoWc=
golang.org/x/text v0.43.0/go.mod h1:hbSIYA/amXcRXTFSZqh8tWHEoqRvvbKPJ2uz/KU+a+s=
